
Microsoft Visual Studio Solution File, Format Version 12.00
# Visual Studio 15
Project("{FAE04EC0-301F-11D3-BF4B-00C04F79EFBC}") = "Assembly-CSharp", "Assembly-CSharp.csproj", "{4816E900-C8B7-51D9-9536-EE7AC6310B52}"
EndProject
Project("{FAE04EC0-301F-11D3-BF4B-00C04F79EFBC}") = "Assembly-CSharp-Editor", "Assembly-CSharp-Editor.csproj", "{A4F5A36E-C677-1B2D-A90C-DD353DCB3C62}"
EndProject
Global
	GlobalSection(SolutionConfigurationPlatforms) = preSolution
		Debug|Any CPU = Debug|Any CPU
		Release|Any CPU = Release|Any CPU
	EndGlobalSection
	GlobalSection(ProjectConfigurationPlatforms) = postSolution
		{4816E900-C8B7-51D9-9536-EE7AC6310B52}.Debug|Any CPU.ActiveCfg = Debug|Any CPU
		{4816E900-C8B7-51D9-9536-EE7AC6310B52}.Debug|Any CPU.Build.0 = Debug|Any CPU
		{4816E900-C8B7-51D9-9536-EE7AC6310B52}.Release|Any CPU.ActiveCfg = Release|Any CPU
		{4816E900-C8B7-51D9-9536-EE7AC6310B52}.Release|Any CPU.Build.0 = Release|Any CPU
		{A4F5A36E-C677-1B2D-A90C-DD353DCB3C62}.Debug|Any CPU.ActiveCfg = Debug|Any CPU
		{A4F5A36E-C677-1B2D-A90C-DD353DCB3C62}.Debug|Any CPU.Build.0 = Debug|Any CPU
		{A4F5A36E-C677-1B2D-A90C-DD353DCB3C62}.Release|Any CPU.ActiveCfg = Release|Any CPU
		{A4F5A36E-C677-1B2D-A90C-DD353DCB3C62}.Release|Any CPU.Build.0 = Release|Any CPU
	EndGlobalSection
	GlobalSection(SolutionProperties) = preSolution
		HideSolutionNode = FALSE
	EndGlobalSection
EndGlobal
